
Microsoft Visual Studio Solution File, Format Version 12.00
# Visual Studio Version 17
VisualStudioVersion = 17.11.35208.52
MinimumVisualStudioVersion = 10.0.40219.1
Project("{FAE04EC0-301F-11D3-BF4B-00C04F79EFBC}") = "Pets", "Pets\Pets.csproj", "{3EC47DC6-BE0C-4C88-9FB0-80EAAE161433}"
EndProject
Global
	GlobalSection(SolutionConfigurationPlatforms) = preSolution
		Debug|Any CPU = Debug|Any CPU
		Release|Any CPU = Release|Any CPU
	EndGlobalSection
	GlobalSection(ProjectConfigurationPlatforms) = postSolution
		{3EC47DC6-BE0C-4C88-9FB0-80EAAE161433}.Debug|Any CPU.ActiveCfg = Debug|Any CPU
		{3EC47DC6-BE0C-4C88-9FB0-80EAAE161433}.Debug|Any CPU.Build.0 = Debug|Any CPU
		{3EC47DC6-BE0C-4C88-9FB0-80EAAE161433}.Release|Any CPU.ActiveCfg = Release|Any CPU
		{3EC47DC6-BE0C-4C88-9FB0-80EAAE161433}.Release|Any CPU.Build.0 = Release|Any CPU
	EndGlobalSection
	GlobalSection(SolutionProperties) = preSolution
		HideSolutionNode = FALSE
	EndGlobalSection
	GlobalSection(ExtensibilityGlobals) = postSolution
		SolutionGuid = {0B85E549-0446-4A13-BB1C-78A77573E515}
	EndGlobalSection
EndGlobal
